
Microsoft Visual Studio Solution File, Format Version 12.00
# Visual Studio Version 17
VisualStudioVersion = 17.14.36915.13 d17.14
MinimumVisualStudioVersion = 10.0.40219.1
Project("{F184B08F-C81C-45F6-A57F-5ABD9991F28F}") = "POSTTEST_6", "POSTTEST_6\POSTTEST_6.vbproj", "{5764EC85-3362-4F02-95DC-D2C780E0D9E3}"
EndProject
Global
	GlobalSection(SolutionConfigurationPlatforms) = preSolution
		Debug|Any CPU = Debug|Any CPU
		Release|Any CPU = Release|Any CPU
	EndGlobalSection
	GlobalSection(ProjectConfigurationPlatforms) = postSolution
		{5764EC85-3362-4F02-95DC-D2C780E0D9E3}.Debug|Any CPU.ActiveCfg = Debug|Any CPU
		{5764EC85-3362-4F02-95DC-D2C780E0D9E3}.Debug|Any CPU.Build.0 = Debug|Any CPU
		{5764EC85-3362-4F02-95DC-D2C780E0D9E3}.Release|Any CPU.ActiveCfg = Release|Any CPU
		{5764EC85-3362-4F02-95DC-D2C780E0D9E3}.Release|Any CPU.Build.0 = Release|Any CPU
	EndGlobalSection
	GlobalSection(SolutionProperties) = preSolution
		HideSolutionNode = FALSE
	EndGlobalSection
	GlobalSection(ExtensibilityGlobals) = postSolution
		SolutionGuid = {A8F85D53-E3D3-4A50-95E5-73B611EE979F}
	EndGlobalSection
EndGlobal
