
Microsoft Visual Studio Solution File, Format Version 12.00
# Visual Studio Version 17
VisualStudioVersion = 17.14.36915.13 d17.14
MinimumVisualStudioVersion = 10.0.40219.1
Project("{F184B08F-C81C-45F6-A57F-5ABD9991F28F}") = "tugas-2", "tugas-2\tugas-2.vbproj", "{43C611E4-F88F-4D77-B93A-61A8104C83C6}"
EndProject
Global
	GlobalSection(SolutionConfigurationPlatforms) = preSolution
		Debug|Any CPU = Debug|Any CPU
		Release|Any CPU = Release|Any CPU
	EndGlobalSection
	GlobalSection(ProjectConfigurationPlatforms) = postSolution
		{43C611E4-F88F-4D77-B93A-61A8104C83C6}.Debug|Any CPU.ActiveCfg = Debug|Any CPU
		{43C611E4-F88F-4D77-B93A-61A8104C83C6}.Debug|Any CPU.Build.0 = Debug|Any CPU
		{43C611E4-F88F-4D77-B93A-61A8104C83C6}.Release|Any CPU.ActiveCfg = Release|Any CPU
		{43C611E4-F88F-4D77-B93A-61A8104C83C6}.Release|Any CPU.Build.0 = Release|Any CPU
	EndGlobalSection
	GlobalSection(SolutionProperties) = preSolution
		HideSolutionNode = FALSE
	EndGlobalSection
	GlobalSection(ExtensibilityGlobals) = postSolution
		SolutionGuid = {3264D57C-E58E-4FAB-83D4-23C97A5DAABE}
	EndGlobalSection
EndGlobal
