
Microsoft Visual Studio Solution File, Format Version 12.00
# Visual Studio Version 17
VisualStudioVersion = 17.14.36915.13 d17.14
MinimumVisualStudioVersion = 10.0.40219.1
Project("{F184B08F-C81C-45F6-A57F-5ABD9991F28F}") = "POSTTEST_5", "POSTTEST_5\POSTTEST_5.vbproj", "{C6F43393-B177-414E-B63C-2BE8281E1292}"
EndProject
Global
	GlobalSection(SolutionConfigurationPlatforms) = preSolution
		Debug|Any CPU = Debug|Any CPU
		Release|Any CPU = Release|Any CPU
	EndGlobalSection
	GlobalSection(ProjectConfigurationPlatforms) = postSolution
		{C6F43393-B177-414E-B63C-2BE8281E1292}.Debug|Any CPU.ActiveCfg = Debug|Any CPU
		{C6F43393-B177-414E-B63C-2BE8281E1292}.Debug|Any CPU.Build.0 = Debug|Any CPU
		{C6F43393-B177-414E-B63C-2BE8281E1292}.Release|Any CPU.ActiveCfg = Release|Any CPU
		{C6F43393-B177-414E-B63C-2BE8281E1292}.Release|Any CPU.Build.0 = Release|Any CPU
	EndGlobalSection
	GlobalSection(SolutionProperties) = preSolution
		HideSolutionNode = FALSE
	EndGlobalSection
	GlobalSection(ExtensibilityGlobals) = postSolution
		SolutionGuid = {D33C74FA-3F24-4AD9-9D4F-02778CD82085}
	EndGlobalSection
EndGlobal
